
Microsoft Visual Studio Solution File, Format Version 12.00
# Visual Studio 14
VisualStudioVersion = 14.0.25420.1
MinimumVisualStudioVersion = 10.0.40219.1
Project("{FAE04EC0-301F-11D3-BF4B-00C04F79EFBC}") = "VideoTester", "VideoTester\VideoTester.csproj", "{CEEBE252-8386-41FB-AF60-FC82BEADD97B}"
EndProject
Global
	GlobalSection(SolutionConfigurationPlatforms) = preSolution
		Debug|Any CPU = Debug|Any CPU
		Debug|x64 = Debug|x64
		Debug|x86 = Debug|x86
		Release|Any CPU = Release|Any CPU
		Release|x64 = Release|x64
		Release|x86 = Release|x86
	EndGlobalSection
	GlobalSection(ProjectConfigurationPlatforms) = postSolution
		{CEEBE252-8386-41FB-AF60-FC82BEADD97B}.Debug|Any CPU.ActiveCfg = Debug|Any CPU
		{CEEBE252-8386-41FB-AF60-FC82BEADD97B}.Debug|Any CPU.Build.0 = Debug|Any CPU
		{CEEBE252-8386-41FB-AF60-FC82BEADD97B}.Debug|x64.ActiveCfg = Debug|x64
		{CEEBE252-8386-41FB-AF60-FC82BEADD97B}.Debug|x64.Build.0 = Debug|x64
		{CEEBE252-8386-41FB-AF60-FC82BEADD97B}.Debug|x86.ActiveCfg = Debug|x86
		{CEEBE252-8386-41FB-AF60-FC82BEADD97B}.Debug|x86.Build.0 = Debug|x86
		{CEEBE252-8386-41FB-AF60-FC82BEADD97B}.Release|Any CPU.ActiveCfg = Release|Any CPU
		{CEEBE252-8386-41FB-AF60-FC82BEADD97B}.Release|Any CPU.Build.0 = Release|Any CPU
		{CEEBE252-8386-41FB-AF60-FC82BEADD97B}.Release|x64.ActiveCfg = Release|x64
		{CEEBE252-8386-41FB-AF60-FC82BEADD97B}.Release|x64.Build.0 = Release|x64
		{CEEBE252-8386-41FB-AF60-FC82BEADD97B}.Release|x86.ActiveCfg = Release|x86
		{CEEBE252-8386-41FB-AF60-FC82BEADD97B}.Release|x86.Build.0 = Release|x86
	EndGlobalSection
	GlobalSection(SolutionProperties) = preSolution
		HideSolutionNode = FALSE
	EndGlobalSection
EndGlobal
